
Microsoft Visual Studio Solution File, Format Version 12.00
# Visual Studio Version 16
VisualStudioVersion = 16.0.30907.101
MinimumVisualStudioVersion = 10.0.40219.1
Project("{FAE04EC0-301F-11D3-BF4B-00C04F79EFBC}") = "GuessANumber", "GuessANumber\GuessANumber.csproj", "{87BA36B5-4A1D-4B6E-9759-77A6E6BC2656}"
EndProject
Global
	GlobalSection(SolutionConfigurationPlatforms) = preSolution
		Debug|Any CPU = Debug|Any CPU
		Release|Any CPU = Release|Any CPU
	EndGlobalSection
	GlobalSection(ProjectConfigurationPlatforms) = postSolution
		{87BA36B5-4A1D-4B6E-9759-77A6E6BC2656}.Debug|Any CPU.ActiveCfg = Debug|Any CPU
		{87BA36B5-4A1D-4B6E-9759-77A6E6BC2656}.Debug|Any CPU.Build.0 = Debug|Any CPU
		{87BA36B5-4A1D-4B6E-9759-77A6E6BC2656}.Release|Any CPU.ActiveCfg = Release|Any CPU
		{87BA36B5-4A1D-4B6E-9759-77A6E6BC2656}.Release|Any CPU.Build.0 = Release|Any CPU
	EndGlobalSection
	GlobalSection(SolutionProperties) = preSolution
		HideSolutionNode = FALSE
	EndGlobalSection
	GlobalSection(ExtensibilityGlobals) = postSolution
		SolutionGuid = {7BFCCBA7-0534-4500-862D-DCC2C6645E51}
	EndGlobalSection
EndGlobal
